# This file is generated by running "yarn install" inside your project.
# Manual changes might be lost - proceed with caution!

__metadata:
  version: 8
  cacheKey: 10c0

"@bracketed/strip-dirs@workspace:.":
  version: 0.0.0-use.local
  resolution: "@bracketed/strip-dirs@workspace:."
  dependencies:
    "@bracketed/typescript-config": "npm:^4.4.0"
    "@types/kind-of": "npm:^6"
    "@types/node": "npm:^20.10.5"
    inspect-with-kind: "npm:^1.0.5"
    is-plain-obj: "npm:^4.1.0"
    kind-of: "npm:^6.0.3"
    prettier: "npm:^3.1.1"
    typescript: "npm:^5.3.3"
  languageName: unknown
  linkType: soft

"@bracketed/typescript-config@npm:^4.4.0":
  version: 4.4.0
  resolution: "@bracketed/typescript-config@npm:4.4.0"
  checksum: 85649338c9457a13ca4fea276ec5cb357a2c28181c8a7faedb1c16961136e0f8cbfd40d0cf333f3384a6382e71d93c1cb2cd4a202904eb2b7a5dd278a9c13489
  languageName: node
  linkType: hard

"@types/kind-of@npm:^6":
  version: 6.0.3
  resolution: "@types/kind-of@npm:6.0.3"
  dependencies:
    "@types/node": "npm:*"
  checksum: 53da9aa16724883ffaebc16869a455b6b67a2cfc64c442df19fb874a7589c2130b3f022ebdfca7386418df0ca094be19404c83daa4270f9cbe8c831497cbeac4
  languageName: node
  linkType: hard

"@types/node@npm:*, @types/node@npm:^20.10.5":
  version: 20.10.5
  resolution: "@types/node@npm:20.10.5"
  dependencies:
    undici-types: "npm:~5.26.4"
  checksum: be30609aae0bfe492097815f166ccc07f465220cb604647fa4e5ec05a1d16c012a41b82b5f11ecfe2485cbb479d4d20384b95b809ca0bcff6d94d5bbafa645bb
  languageName: node
  linkType: hard

"inspect-with-kind@npm:^1.0.5":
  version: 1.0.5
  resolution: "inspect-with-kind@npm:1.0.5"
  dependencies:
    kind-of: "npm:^6.0.2"
  checksum: 4a7ca641927d24b5f0fabbad48ed940cffa840d6cfa07b6bc475593f6e0679b4d30ec1714de289cb17b10214a36e6bdccc257262a1163e33741425e5d311e8d1
  languageName: node
  linkType: hard

"is-plain-obj@npm:^4.1.0":
  version: 4.1.0
  resolution: "is-plain-obj@npm:4.1.0"
  checksum: 32130d651d71d9564dc88ba7e6fda0e91a1010a3694648e9f4f47bb6080438140696d3e3e15c741411d712e47ac9edc1a8a9de1fe76f3487b0d90be06ac9975e
  languageName: node
  linkType: hard

"kind-of@npm:^6.0.2, kind-of@npm:^6.0.3":
  version: 6.0.3
  resolution: "kind-of@npm:6.0.3"
  checksum: 61cdff9623dabf3568b6445e93e31376bee1cdb93f8ba7033d86022c2a9b1791a1d9510e026e6465ebd701a6dd2f7b0808483ad8838341ac52f003f512e0b4c4
  languageName: node
  linkType: hard

"prettier@npm:^3.1.1":
  version: 3.1.1
  resolution: "prettier@npm:3.1.1"
  bin:
    prettier: bin/prettier.cjs
  checksum: facc944ba20e194ff4db765e830ffbcb642803381f0d2033ed397e79904fa4ccc877dc25ad68f42d36985c01d051c990ca1b905fb83d2d7d65fe69e4386fa1a3
  languageName: node
  linkType: hard

"typescript@npm:^5.3.3":
  version: 5.3.3
  resolution: "typescript@npm:5.3.3"
  bin:
    tsc: bin/tsc
    tsserver: bin/tsserver
  checksum: e33cef99d82573624fc0f854a2980322714986bc35b9cb4d1ce736ed182aeab78e2cb32b385efa493b2a976ef52c53e20d6c6918312353a91850e2b76f1ea44f
  languageName: node
  linkType: hard

"typescript@patch:typescript@npm%3A^5.3.3#optional!builtin<compat/typescript>":
  version: 5.3.3
  resolution: "typescript@patch:typescript@npm%3A5.3.3#optional!builtin<compat/typescript>::version=5.3.3&hash=e012d7"
  bin:
    tsc: bin/tsc
    tsserver: bin/tsserver
  checksum: 1d0a5f4ce496c42caa9a30e659c467c5686eae15d54b027ee7866744952547f1be1262f2d40de911618c242b510029d51d43ff605dba8fb740ec85ca2d3f9500
  languageName: node
  linkType: hard

"undici-types@npm:~5.26.4":
  version: 5.26.5
  resolution: "undici-types@npm:5.26.5"
  checksum: bb673d7876c2d411b6eb6c560e0c571eef4a01c1c19925175d16e3a30c4c428181fb8d7ae802a261f283e4166a0ac435e2f505743aa9e45d893f9a3df017b501
  languageName: node
  linkType: hard
